
Microsoft Visual Studio Solution File, Format Version 12.00
# Visual Studio 14
VisualStudioVersion = 14.0.25420.1
MinimumVisualStudioVersion = 10.0.40219.1
Project("{FAE04EC0-301F-11D3-BF4B-00C04F79EFBC}") = "DroidBarBotMaster.Android", "DroidBarBotMaster\DroidBarBotMaster.Android\DroidBarBotMaster.Android.csproj", "{CCA8F129-12FB-4105-B916-35A298516959}"
EndProject
Project("{FAE04EC0-301F-11D3-BF4B-00C04F79EFBC}") = "DroidBarBotMaster", "DroidBarBotMaster\DroidBarBotMaster\DroidBarBotMaster.csproj", "{F297A277-BF44-4F9C-B482-E7C68437CF8C}"
EndProject
Project("{FAE04EC0-301F-11D3-BF4B-00C04F79EFBC}") = "CocktailHttpRequest", "..\..\..\Etc\CocktailHttpRequest\CocktailHttpRequest\CocktailHttpRequest.csproj", "{4F6A89FE-C879-463D-8C06-80084FDB57E6}"
EndProject
Global
	GlobalSection(SolutionConfigurationPlatforms) = preSolution
		Debug|Any CPU = Debug|Any CPU
		Debug|iPhone = Debug|iPhone
		Debug|iPhoneSimulator = Debug|iPhoneSimulator
		Release|Any CPU = Release|Any CPU
		Release|iPhone = Release|iPhone
		Release|iPhoneSimulator = Release|iPhoneSimulator
	EndGlobalSection
	GlobalSection(ProjectConfigurationPlatforms) = postSolution
		{CCA8F129-12FB-4105-B916-35A298516959}.Debug|Any CPU.ActiveCfg = Debug|Any CPU
		{CCA8F129-12FB-4105-B916-35A298516959}.Debug|Any CPU.Build.0 = Debug|Any CPU
		{CCA8F129-12FB-4105-B916-35A298516959}.Debug|Any CPU.Deploy.0 = Debug|Any CPU
		{CCA8F129-12FB-4105-B916-35A298516959}.Debug|iPhone.ActiveCfg = Debug|Any CPU
		{CCA8F129-12FB-4105-B916-35A298516959}.Debug|iPhone.Build.0 = Debug|Any CPU
		{CCA8F129-12FB-4105-B916-35A298516959}.Debug|iPhone.Deploy.0 = Debug|Any CPU
		{CCA8F129-12FB-4105-B916-35A298516959}.Debug|iPhoneSimulator.ActiveCfg = Debug|Any CPU
		{CCA8F129-12FB-4105-B916-35A298516959}.Debug|iPhoneSimulator.Build.0 = Debug|Any CPU
		{CCA8F129-12FB-4105-B916-35A298516959}.Debug|iPhoneSimulator.Deploy.0 = Debug|Any CPU
		{CCA8F129-12FB-4105-B916-35A298516959}.Release|Any CPU.ActiveCfg = Release|Any CPU
		{CCA8F129-12FB-4105-B916-35A298516959}.Release|Any CPU.Build.0 = Release|Any CPU
		{CCA8F129-12FB-4105-B916-35A298516959}.Release|Any CPU.Deploy.0 = Release|Any CPU
		{CCA8F129-12FB-4105-B916-35A298516959}.Release|iPhone.ActiveCfg = Release|Any CPU
		{CCA8F129-12FB-4105-B916-35A298516959}.Release|iPhone.Build.0 = Release|Any CPU
		{CCA8F129-12FB-4105-B916-35A298516959}.Release|iPhone.Deploy.0 = Release|Any CPU
		{CCA8F129-12FB-4105-B916-35A298516959}.Release|iPhoneSimulator.ActiveCfg = Release|Any CPU
		{CCA8F129-12FB-4105-B916-35A298516959}.Release|iPhoneSimulator.Build.0 = Release|Any CPU
		{CCA8F129-12FB-4105-B916-35A298516959}.Release|iPhoneSimulator.Deploy.0 = Release|Any CPU
		{F297A277-BF44-4F9C-B482-E7C68437CF8C}.Debug|Any CPU.ActiveCfg = Debug|Any CPU
		{F297A277-BF44-4F9C-B482-E7C68437CF8C}.Debug|Any CPU.Build.0 = Debug|Any CPU
		{F297A277-BF44-4F9C-B482-E7C68437CF8C}.Debug|iPhone.ActiveCfg = Debug|Any CPU
		{F297A277-BF44-4F9C-B482-E7C68437CF8C}.Debug|iPhone.Build.0 = Debug|Any CPU
		{F297A277-BF44-4F9C-B482-E7C68437CF8C}.Debug|iPhoneSimulator.ActiveCfg = Debug|Any CPU
		{F297A277-BF44-4F9C-B482-E7C68437CF8C}.Debug|iPhoneSimulator.Build.0 = Debug|Any CPU
		{F297A277-BF44-4F9C-B482-E7C68437CF8C}.Release|Any CPU.ActiveCfg = Release|Any CPU
		{F297A277-BF44-4F9C-B482-E7C68437CF8C}.Release|Any CPU.Build.0 = Release|Any CPU
		{F297A277-BF44-4F9C-B482-E7C68437CF8C}.Release|iPhone.ActiveCfg = Release|Any CPU
		{F297A277-BF44-4F9C-B482-E7C68437CF8C}.Release|iPhone.Build.0 = Release|Any CPU
		{F297A277-BF44-4F9C-B482-E7C68437CF8C}.Release|iPhoneSimulator.ActiveCfg = Release|Any CPU
		{F297A277-BF44-4F9C-B482-E7C68437CF8C}.Release|iPhoneSimulator.Build.0 = Release|Any CPU
		{4F6A89FE-C879-463D-8C06-80084FDB57E6}.Debug|Any CPU.ActiveCfg = Debug|Any CPU
		{4F6A89FE-C879-463D-8C06-80084FDB57E6}.Debug|Any CPU.Build.0 = Debug|Any CPU
		{4F6A89FE-C879-463D-8C06-80084FDB57E6}.Debug|iPhone.ActiveCfg = Debug|Any CPU
		{4F6A89FE-C879-463D-8C06-80084FDB57E6}.Debug|iPhone.Build.0 = Debug|Any CPU
		{4F6A89FE-C879-463D-8C06-80084FDB57E6}.Debug|iPhoneSimulator.ActiveCfg = Debug|Any CPU
		{4F6A89FE-C879-463D-8C06-80084FDB57E6}.Debug|iPhoneSimulator.Build.0 = Debug|Any CPU
		{4F6A89FE-C879-463D-8C06-80084FDB57E6}.Release|Any CPU.ActiveCfg = Release|Any CPU
		{4F6A89FE-C879-463D-8C06-80084FDB57E6}.Release|Any CPU.Build.0 = Release|Any CPU
		{4F6A89FE-C879-463D-8C06-80084FDB57E6}.Release|iPhone.ActiveCfg = Release|Any CPU
		{4F6A89FE-C879-463D-8C06-80084FDB57E6}.Release|iPhone.Build.0 = Release|Any CPU
		{4F6A89FE-C879-463D-8C06-80084FDB57E6}.Release|iPhoneSimulator.ActiveCfg = Release|Any CPU
		{4F6A89FE-C879-463D-8C06-80084FDB57E6}.Release|iPhoneSimulator.Build.0 = Release|Any CPU
	EndGlobalSection
	GlobalSection(SolutionProperties) = preSolution
		HideSolutionNode = FALSE
	EndGlobalSection
EndGlobal
